{
  "version": 4,
  "terraform_version": "1.6.3",
  "serial": 1,
  "lineage": "4b95744a-388d-f274-d720-db0e40691b46",
  "outputs": {},
  "resources": [
    {
      "mode": "managed",
      "type": "aws_vpc",
      "name": "bdv-vpc",
      "provider": "provider[\"registry.terraform.io/hashicorp/aws\"]",
      "instances": [
        {
          "schema_version": 1,
          "attributes": {
            "arn": "arn:aws:ec2:us-east-1:097084951758:vpc/vpc-052d8880a3daabebb",
            "assign_generated_ipv6_cidr_block": false,
            "cidr_block": "10.1.0.0/16",
            "default_network_acl_id": "acl-0a9212849c5ba8cbb",
            "default_route_table_id": "rtb-0565c1e2ee6af023a",
            "default_security_group_id": "sg-0b09fdc14870bd992",
            "dhcp_options_id": "dopt-01b63a3034854a4b4",
            "enable_dns_hostnames": true,
            "enable_dns_support": true,
            "enable_network_address_usage_metrics": false,
            "id": "vpc-052d8880a3daabebb",
            "instance_tenancy": "default",
            "ipv4_ipam_pool_id": null,
            "ipv4_netmask_length": null,
            "ipv6_association_id": "",
            "ipv6_cidr_block": "",
            "ipv6_cidr_block_network_border_group": "",
            "ipv6_ipam_pool_id": "",
            "ipv6_netmask_length": 0,
            "main_route_table_id": "rtb-0565c1e2ee6af023a",
            "owner_id": "097084951758",
            "tags": {
              "Name": "default-dmitry-vpc"
            },
            "tags_all": {
              "Name": "default-dmitry-vpc"
            }
          },
          "sensitive_attributes": [],
          "private": "eyJzY2hlbWFfdmVyc2lvbiI6IjEifQ=="
        }
      ]
    }
  ],
  "check_results": null
}
